
Microsoft Visual Studio Solution File, Format Version 12.00
# Visual Studio Version 16
VisualStudioVersion = 16.0.31105.61
MinimumVisualStudioVersion = 10.0.40219.1
Project("{8BC9CEB8-8B4A-11D0-8D11-00A0C91BC942}") = "Neural_Engine", "Neural_Engine\Neural_Engine.vcxproj", "{E315D027-AB80-4EF4-A18B-8B65B9C27331}"
EndProject
Global
	GlobalSection(SolutionConfigurationPlatforms) = preSolution
		Debug|x64 = Debug|x64
		Debug|x86 = Debug|x86
		Release|x64 = Release|x64
		Release|x86 = Release|x86
	EndGlobalSection
	GlobalSection(ProjectConfigurationPlatforms) = postSolution
		{E315D027-AB80-4EF4-A18B-8B65B9C27331}.Debug|x64.ActiveCfg = Debug|x64
		{E315D027-AB80-4EF4-A18B-8B65B9C27331}.Debug|x64.Build.0 = Debug|x64
		{E315D027-AB80-4EF4-A18B-8B65B9C27331}.Debug|x86.ActiveCfg = Debug|Win32
		{E315D027-AB80-4EF4-A18B-8B65B9C27331}.Debug|x86.Build.0 = Debug|Win32
		{E315D027-AB80-4EF4-A18B-8B65B9C27331}.Release|x64.ActiveCfg = Release|x64
		{E315D027-AB80-4EF4-A18B-8B65B9C27331}.Release|x64.Build.0 = Release|x64
		{E315D027-AB80-4EF4-A18B-8B65B9C27331}.Release|x86.ActiveCfg = Release|Win32
		{E315D027-AB80-4EF4-A18B-8B65B9C27331}.Release|x86.Build.0 = Release|Win32
	EndGlobalSection
	GlobalSection(SolutionProperties) = preSolution
		HideSolutionNode = FALSE
	EndGlobalSection
	GlobalSection(ExtensibilityGlobals) = postSolution
		SolutionGuid = {CAFDB607-5184-435A-A60D-B08E47EFFD3F}
	EndGlobalSection
EndGlobal
