<?xml version="1.0" encoding="utf-8"?>
<Project ToolsVersion="4.0" xmlns="http://schemas.microsoft.com/developer/msbuild/2003">
  <ItemGroup>
    <Filter Include="Source Files">
      <UniqueIdentifier>{4FC737F1-C7A5-4376-A066-2A32D752A2FF}</UniqueIdentifier>
      <Extensions>cpp;c;cc;cxx;c++;cppm;ixx;def;odl;idl;hpj;bat;asm;asmx</Extensions>
    </Filter>
    <Filter Include="Header Files">
      <UniqueIdentifier>{93995380-89BD-4b04-88EB-625FBE52EBFB}</UniqueIdentifier>
      <Extensions>h;hh;hpp;hxx;h++;hm;inl;inc;ipp;xsd</Extensions>
    </Filter>
    <Filter Include="Resource Files">
      <UniqueIdentifier>{67DA6AB6-F800-4c08-8B7A-83BB121AAD01}</UniqueIdentifier>
      <Extensions>rc;ico;cur;bmp;dlg;rc2;rct;bin;rgs;gif;jpg;jpeg;jpe;resx;tiff;tif;png;wav;mfcribbon-ms</Extensions>
    </Filter>
  </ItemGroup>
  <ItemGroup>
    <ClCompile Include="main.cpp">
      <Filter>Source Files</Filter>
    </ClCompile>
    <ClCompile Include="src\Math\Activation_Functions\Activation_Function_Base.cpp">
      <Filter>Source Files</Filter>
    </ClCompile>
    <ClCompile Include="src\Math\Algebra\Matrix.cpp">
      <Filter>Source Files</Filter>
    </ClCompile>
    <ClCompile Include="src\Math\Algebra\Vector.cpp">
      <Filter>Source Files</Filter>
    </ClCompile>
    <ClCompile Include="src\Math\Algebra\Scalar.cpp">
      <Filter>Source Files</Filter>
    </ClCompile>
    <ClCompile Include="src\Math\Utils\Math_Utils.cpp">
      <Filter>Source Files</Filter>
    </ClCompile>
    <ClCompile Include="src\Core\Layers\Dense\Dense.cpp">
      <Filter>Source Files</Filter>
    </ClCompile>
    <ClCompile Include="src\Math\Activation_Functions\Sigmoid.cpp">
      <Filter>Source Files</Filter>
    </ClCompile>
    <ClCompile Include="src\Math\Activation_Functions\Identity_Function.cpp">
      <Filter>Source Files</Filter>
    </ClCompile>
    <ClCompile Include="src\Math\Activation_Functions\ReLu.cpp">
      <Filter>Source Files</Filter>
    </ClCompile>
    <ClCompile Include="src\Math\Loss_Functions\MSE.cpp">
      <Filter>Source Files</Filter>
    </ClCompile>
    <ClCompile Include="src\Math\Utils\Random.cpp">
      <Filter>Source Files</Filter>
    </ClCompile>
    <ClCompile Include="src\Math\Loss_Functions\Loss_Function_Base.cpp">
      <Filter>Source Files</Filter>
    </ClCompile>
    <ClCompile Include="src\Core\Layers\Layer_Base.cpp">
      <Filter>Source Files</Filter>
    </ClCompile>
    <ClCompile Include="src\Core\NN_AutoGrad\NN_AutoGrad.cpp">
      <Filter>Source Files</Filter>
    </ClCompile>
    <ClCompile Include="src\Math\Loss_Functions\SEF.cpp">
      <Filter>Source Files</Filter>
    </ClCompile>
  </ItemGroup>
  <ItemGroup>
    <ClInclude Include="include\Math\Activation_Functions\Activation_Function_Base.hpp">
      <Filter>Header Files</Filter>
    </ClInclude>
    <ClInclude Include="include\Math\Algebra\Matrix.hpp">
      <Filter>Header Files</Filter>
    </ClInclude>
    <ClInclude Include="include\Math\Algebra\Vector.hpp">
      <Filter>Header Files</Filter>
    </ClInclude>
    <ClInclude Include="include\Math\Algebra\Scalar.hpp">
      <Filter>Header Files</Filter>
    </ClInclude>
    <ClInclude Include="include\Math\Utils\Math_Utils.hpp">
      <Filter>Header Files</Filter>
    </ClInclude>
    <ClInclude Include="include\Core\Defines\Defines_Func_Attributes.hpp">
      <Filter>Header Files</Filter>
    </ClInclude>
    <ClInclude Include="include\Core\Defines\Defines_Assert.hpp">
      <Filter>Header Files</Filter>
    </ClInclude>
    <ClInclude Include="include\Core\Layers\Dense\Dense.hpp">
      <Filter>Header Files</Filter>
    </ClInclude>
    <ClInclude Include="include\Math\Activation_Functions\Sigmoid.hpp">
      <Filter>Header Files</Filter>
    </ClInclude>
    <ClInclude Include="include\Math\Activation_Functions\Identity_Function.hpp">
      <Filter>Header Files</Filter>
    </ClInclude>
    <ClInclude Include="include\Math\Activation_Functions\ReLu.hpp">
      <Filter>Header Files</Filter>
    </ClInclude>
    <ClInclude Include="include\Math\Loss_Functions\MSE.hpp">
      <Filter>Header Files</Filter>
    </ClInclude>
    <ClInclude Include="include\Math\Utils\Random.hpp">
      <Filter>Header Files</Filter>
    </ClInclude>
    <ClInclude Include="include\Model.hpp">
      <Filter>Header Files</Filter>
    </ClInclude>
    <ClInclude Include="include\Core\Layers\Layer_Base.hpp">
      <Filter>Header Files</Filter>
    </ClInclude>
    <ClInclude Include="include\Math\Loss_Functions\Loss_Function_Base.hpp">
      <Filter>Header Files</Filter>
    </ClInclude>
    <ClInclude Include="include\Core\NN_AutoGrad\NN_AutoGrad.hpp">
      <Filter>Header Files</Filter>
    </ClInclude>
    <ClInclude Include="include\Math\Loss_Functions\SEF.hpp">
      <Filter>Header Files</Filter>
    </ClInclude>
  </ItemGroup>
</Project>